
Microsoft Visual Studio Solution File, Format Version 12.00
# Visual Studio Version 16
VisualStudioVersion = 16.0.29306.81
MinimumVisualStudioVersion = 10.0.40219.1
Project("{FAE04EC0-301F-11D3-BF4B-00C04F79EFBC}") = "Lab4", "Lab4\Lab4.csproj", "{0A4092DB-B44E-45FC-83AD-0ADCCDBFCAD4}"
EndProject
Global
	GlobalSection(SolutionConfigurationPlatforms) = preSolution
		Debug|Any CPU = Debug|Any CPU
		Release|Any CPU = Release|Any CPU
	EndGlobalSection
	GlobalSection(ProjectConfigurationPlatforms) = postSolution
		{0A4092DB-B44E-45FC-83AD-0ADCCDBFCAD4}.Debug|Any CPU.ActiveCfg = Debug|Any CPU
		{0A4092DB-B44E-45FC-83AD-0ADCCDBFCAD4}.Debug|Any CPU.Build.0 = Debug|Any CPU
		{0A4092DB-B44E-45FC-83AD-0ADCCDBFCAD4}.Release|Any CPU.ActiveCfg = Release|Any CPU
		{0A4092DB-B44E-45FC-83AD-0ADCCDBFCAD4}.Release|Any CPU.Build.0 = Release|Any CPU
	EndGlobalSection
	GlobalSection(SolutionProperties) = preSolution
		HideSolutionNode = FALSE
	EndGlobalSection
	GlobalSection(ExtensibilityGlobals) = postSolution
		SolutionGuid = {C3B53DCD-F15B-46EB-9B9A-6DC1D171BD85}
	EndGlobalSection
EndGlobal
